
Microsoft Visual Studio Solution File, Format Version 12.00
# Visual Studio 15
VisualStudioVersion = 15.0.26124.0
MinimumVisualStudioVersion = 15.0.26124.0
Project("{FAE04EC0-301F-11D3-BF4B-00C04F79EFBC}") = "API", "API\API.csproj", "{408B3D1D-F60F-4C6F-9113-8CEE3ED1318B}"
EndProject
Project("{FAE04EC0-301F-11D3-BF4B-00C04F79EFBC}") = "Application", "Application\Application.csproj", "{8154191D-5FA8-498B-9DF4-0ED7CBD365A5}"
EndProject
Project("{FAE04EC0-301F-11D3-BF4B-00C04F79EFBC}") = "Persistence", "Persistence\Persistence.csproj", "{413CFBB0-ACBC-4870-9A47-08C43D0CA26B}"
EndProject
Project("{FAE04EC0-301F-11D3-BF4B-00C04F79EFBC}") = "Domain", "Domain\Domain.csproj", "{CC2BF6BE-27A1-4A2F-AEA3-9BAEB18588B7}"
EndProject
Project("{FAE04EC0-301F-11D3-BF4B-00C04F79EFBC}") = "Infrastructure", "Infrastructure\Infrastructure.csproj", "{B85816E1-CA8C-463E-A81D-C422A2A0C931}"
EndProject
Global
	GlobalSection(SolutionConfigurationPlatforms) = preSolution
		Debug|Any CPU = Debug|Any CPU
		Debug|x64 = Debug|x64
		Debug|x86 = Debug|x86
		Release|Any CPU = Release|Any CPU
		Release|x64 = Release|x64
		Release|x86 = Release|x86
	EndGlobalSection
	GlobalSection(SolutionProperties) = preSolution
		HideSolutionNode = FALSE
	EndGlobalSection
	GlobalSection(ProjectConfigurationPlatforms) = postSolution
		{408B3D1D-F60F-4C6F-9113-8CEE3ED1318B}.Debug|Any CPU.ActiveCfg = Debug|Any CPU
		{408B3D1D-F60F-4C6F-9113-8CEE3ED1318B}.Debug|Any CPU.Build.0 = Debug|Any CPU
		{408B3D1D-F60F-4C6F-9113-8CEE3ED1318B}.Debug|x64.ActiveCfg = Debug|Any CPU
		{408B3D1D-F60F-4C6F-9113-8CEE3ED1318B}.Debug|x64.Build.0 = Debug|Any CPU
		{408B3D1D-F60F-4C6F-9113-8CEE3ED1318B}.Debug|x86.ActiveCfg = Debug|Any CPU
		{408B3D1D-F60F-4C6F-9113-8CEE3ED1318B}.Debug|x86.Build.0 = Debug|Any CPU
		{408B3D1D-F60F-4C6F-9113-8CEE3ED1318B}.Release|Any CPU.ActiveCfg = Release|Any CPU
		{408B3D1D-F60F-4C6F-9113-8CEE3ED1318B}.Release|Any CPU.Build.0 = Release|Any CPU
		{408B3D1D-F60F-4C6F-9113-8CEE3ED1318B}.Release|x64.ActiveCfg = Release|Any CPU
		{408B3D1D-F60F-4C6F-9113-8CEE3ED1318B}.Release|x64.Build.0 = Release|Any CPU
		{408B3D1D-F60F-4C6F-9113-8CEE3ED1318B}.Release|x86.ActiveCfg = Release|Any CPU
		{408B3D1D-F60F-4C6F-9113-8CEE3ED1318B}.Release|x86.Build.0 = Release|Any CPU
		{8154191D-5FA8-498B-9DF4-0ED7CBD365A5}.Debug|Any CPU.ActiveCfg = Debug|Any CPU
		{8154191D-5FA8-498B-9DF4-0ED7CBD365A5}.Debug|Any CPU.Build.0 = Debug|Any CPU
		{8154191D-5FA8-498B-9DF4-0ED7CBD365A5}.Debug|x64.ActiveCfg = Debug|Any CPU
		{8154191D-5FA8-498B-9DF4-0ED7CBD365A5}.Debug|x64.Build.0 = Debug|Any CPU
		{8154191D-5FA8-498B-9DF4-0ED7CBD365A5}.Debug|x86.ActiveCfg = Debug|Any CPU
		{8154191D-5FA8-498B-9DF4-0ED7CBD365A5}.Debug|x86.Build.0 = Debug|Any CPU
		{8154191D-5FA8-498B-9DF4-0ED7CBD365A5}.Release|Any CPU.ActiveCfg = Release|Any CPU
		{8154191D-5FA8-498B-9DF4-0ED7CBD365A5}.Release|Any CPU.Build.0 = Release|Any CPU
		{8154191D-5FA8-498B-9DF4-0ED7CBD365A5}.Release|x64.ActiveCfg = Release|Any CPU
		{8154191D-5FA8-498B-9DF4-0ED7CBD365A5}.Release|x64.Build.0 = Release|Any CPU
		{8154191D-5FA8-498B-9DF4-0ED7CBD365A5}.Release|x86.ActiveCfg = Release|Any CPU
		{8154191D-5FA8-498B-9DF4-0ED7CBD365A5}.Release|x86.Build.0 = Release|Any CPU
		{413CFBB0-ACBC-4870-9A47-08C43D0CA26B}.Debug|Any CPU.ActiveCfg = Debug|Any CPU
		{413CFBB0-ACBC-4870-9A47-08C43D0CA26B}.Debug|Any CPU.Build.0 = Debug|Any CPU
		{413CFBB0-ACBC-4870-9A47-08C43D0CA26B}.Debug|x64.ActiveCfg = Debug|Any CPU
		{413CFBB0-ACBC-4870-9A47-08C43D0CA26B}.Debug|x64.Build.0 = Debug|Any CPU
		{413CFBB0-ACBC-4870-9A47-08C43D0CA26B}.Debug|x86.ActiveCfg = Debug|Any CPU
		{413CFBB0-ACBC-4870-9A47-08C43D0CA26B}.Debug|x86.Build.0 = Debug|Any CPU
		{413CFBB0-ACBC-4870-9A47-08C43D0CA26B}.Release|Any CPU.ActiveCfg = Release|Any CPU
		{413CFBB0-ACBC-4870-9A47-08C43D0CA26B}.Release|Any CPU.Build.0 = Release|Any CPU
		{413CFBB0-ACBC-4870-9A47-08C43D0CA26B}.Release|x64.ActiveCfg = Release|Any CPU
		{413CFBB0-ACBC-4870-9A47-08C43D0CA26B}.Release|x64.Build.0 = Release|Any CPU
		{413CFBB0-ACBC-4870-9A47-08C43D0CA26B}.Release|x86.ActiveCfg = Release|Any CPU
		{413CFBB0-ACBC-4870-9A47-08C43D0CA26B}.Release|x86.Build.0 = Release|Any CPU
		{CC2BF6BE-27A1-4A2F-AEA3-9BAEB18588B7}.Debug|Any CPU.ActiveCfg = Debug|Any CPU
		{CC2BF6BE-27A1-4A2F-AEA3-9BAEB18588B7}.Debug|Any CPU.Build.0 = Debug|Any CPU
		{CC2BF6BE-27A1-4A2F-AEA3-9BAEB18588B7}.Debug|x64.ActiveCfg = Debug|Any CPU
		{CC2BF6BE-27A1-4A2F-AEA3-9BAEB18588B7}.Debug|x64.Build.0 = Debug|Any CPU
		{CC2BF6BE-27A1-4A2F-AEA3-9BAEB18588B7}.Debug|x86.ActiveCfg = Debug|Any CPU
		{CC2BF6BE-27A1-4A2F-AEA3-9BAEB18588B7}.Debug|x86.Build.0 = Debug|Any CPU
		{CC2BF6BE-27A1-4A2F-AEA3-9BAEB18588B7}.Release|Any CPU.ActiveCfg = Release|Any CPU
		{CC2BF6BE-27A1-4A2F-AEA3-9BAEB18588B7}.Release|Any CPU.Build.0 = Release|Any CPU
		{CC2BF6BE-27A1-4A2F-AEA3-9BAEB18588B7}.Release|x64.ActiveCfg = Release|Any CPU
		{CC2BF6BE-27A1-4A2F-AEA3-9BAEB18588B7}.Release|x64.Build.0 = Release|Any CPU
		{CC2BF6BE-27A1-4A2F-AEA3-9BAEB18588B7}.Release|x86.ActiveCfg = Release|Any CPU
		{CC2BF6BE-27A1-4A2F-AEA3-9BAEB18588B7}.Release|x86.Build.0 = Release|Any CPU
		{B85816E1-CA8C-463E-A81D-C422A2A0C931}.Debug|Any CPU.ActiveCfg = Debug|Any CPU
		{B85816E1-CA8C-463E-A81D-C422A2A0C931}.Debug|Any CPU.Build.0 = Debug|Any CPU
		{B85816E1-CA8C-463E-A81D-C422A2A0C931}.Debug|x64.ActiveCfg = Debug|Any CPU
		{B85816E1-CA8C-463E-A81D-C422A2A0C931}.Debug|x64.Build.0 = Debug|Any CPU
		{B85816E1-CA8C-463E-A81D-C422A2A0C931}.Debug|x86.ActiveCfg = Debug|Any CPU
		{B85816E1-CA8C-463E-A81D-C422A2A0C931}.Debug|x86.Build.0 = Debug|Any CPU
		{B85816E1-CA8C-463E-A81D-C422A2A0C931}.Release|Any CPU.ActiveCfg = Release|Any CPU
		{B85816E1-CA8C-463E-A81D-C422A2A0C931}.Release|Any CPU.Build.0 = Release|Any CPU
		{B85816E1-CA8C-463E-A81D-C422A2A0C931}.Release|x64.ActiveCfg = Release|Any CPU
		{B85816E1-CA8C-463E-A81D-C422A2A0C931}.Release|x64.Build.0 = Release|Any CPU
		{B85816E1-CA8C-463E-A81D-C422A2A0C931}.Release|x86.ActiveCfg = Release|Any CPU
		{B85816E1-CA8C-463E-A81D-C422A2A0C931}.Release|x86.Build.0 = Release|Any CPU
	EndGlobalSection
EndGlobal
